
Microsoft Visual Studio Solution File, Format Version 12.00
# Visual Studio Version 17
VisualStudioVersion = 17.8.34511.84
MinimumVisualStudioVersion = 10.0.40219.1
Project("{F184B08F-C81C-45F6-A57F-5ABD9991F28F}") = "VB Presentation", "VB Presentation.vbproj", "{B1D190AA-FA64-47D6-89CC-4129CBFBBD3F}"
EndProject
Global
	GlobalSection(SolutionConfigurationPlatforms) = preSolution
		Debug|Any CPU = Debug|Any CPU
		Release|Any CPU = Release|Any CPU
	EndGlobalSection
	GlobalSection(ProjectConfigurationPlatforms) = postSolution
		{B1D190AA-FA64-47D6-89CC-4129CBFBBD3F}.Debug|Any CPU.ActiveCfg = Debug|Any CPU
		{B1D190AA-FA64-47D6-89CC-4129CBFBBD3F}.Debug|Any CPU.Build.0 = Debug|Any CPU
		{B1D190AA-FA64-47D6-89CC-4129CBFBBD3F}.Release|Any CPU.ActiveCfg = Release|Any CPU
		{B1D190AA-FA64-47D6-89CC-4129CBFBBD3F}.Release|Any CPU.Build.0 = Release|Any CPU
	EndGlobalSection
	GlobalSection(SolutionProperties) = preSolution
		HideSolutionNode = FALSE
	EndGlobalSection
	GlobalSection(ExtensibilityGlobals) = postSolution
		SolutionGuid = {D58EF65C-920D-4D05-BD40-98D1AE3D8E98}
	EndGlobalSection
EndGlobal
